
Microsoft Visual Studio Solution File, Format Version 12.00
# Visual Studio Version 17
VisualStudioVersion = 17.4.33205.214
MinimumVisualStudioVersion = 10.0.40219.1
Project("{FAE04EC0-301F-11D3-BF4B-00C04F79EFBC}") = "SchadTest", "SchadTest.csproj", "{18AA0B0A-B1D6-4B3E-9387-49A8355F8FEB}"
EndProject
Global
	GlobalSection(SolutionConfigurationPlatforms) = preSolution
		Debug|Any CPU = Debug|Any CPU
		Release|Any CPU = Release|Any CPU
	EndGlobalSection
	GlobalSection(ProjectConfigurationPlatforms) = postSolution
		{18AA0B0A-B1D6-4B3E-9387-49A8355F8FEB}.Debug|Any CPU.ActiveCfg = Debug|Any CPU
		{18AA0B0A-B1D6-4B3E-9387-49A8355F8FEB}.Debug|Any CPU.Build.0 = Debug|Any CPU
		{18AA0B0A-B1D6-4B3E-9387-49A8355F8FEB}.Release|Any CPU.ActiveCfg = Release|Any CPU
		{18AA0B0A-B1D6-4B3E-9387-49A8355F8FEB}.Release|Any CPU.Build.0 = Release|Any CPU
	EndGlobalSection
	GlobalSection(SolutionProperties) = preSolution
		HideSolutionNode = FALSE
	EndGlobalSection
	GlobalSection(ExtensibilityGlobals) = postSolution
		SolutionGuid = {8D9DCD13-9222-4F6C-A574-AE92BC8318DE}
	EndGlobalSection
EndGlobal
